
Microsoft Visual Studio Solution File, Format Version 12.00
# Visual Studio Version 16
VisualStudioVersion = 16.0.30804.86
MinimumVisualStudioVersion = 10.0.40219.1
Project("{FAE04EC0-301F-11D3-BF4B-00C04F79EFBC}") = "LREV_ROC_MASTER", "LREV_ROC_MASTER\LREV_ROC_MASTER.csproj", "{13D37251-309B-499B-9F71-A85F51B7B133}"
EndProject
Global
	GlobalSection(SolutionConfigurationPlatforms) = preSolution
		Debug|x86 = Debug|x86
		Release|x86 = Release|x86
	EndGlobalSection
	GlobalSection(ProjectConfigurationPlatforms) = postSolution
		{13D37251-309B-499B-9F71-A85F51B7B133}.Debug|x86.ActiveCfg = Debug|x86
		{13D37251-309B-499B-9F71-A85F51B7B133}.Debug|x86.Build.0 = Debug|x86
		{13D37251-309B-499B-9F71-A85F51B7B133}.Release|x86.ActiveCfg = Release|x86
		{13D37251-309B-499B-9F71-A85F51B7B133}.Release|x86.Build.0 = Release|x86
	EndGlobalSection
	GlobalSection(SolutionProperties) = preSolution
		HideSolutionNode = FALSE
	EndGlobalSection
	GlobalSection(ExtensibilityGlobals) = postSolution
		SolutionGuid = {F4EAACD9-1A20-430C-AAA7-FC089AD043AE}
	EndGlobalSection
EndGlobal
